
Microsoft Visual Studio Solution File, Format Version 12.00
# Visual Studio Version 17
VisualStudioVersion = 17.3.32811.315
MinimumVisualStudioVersion = 10.0.40219.1
Project("{8BC9CEB8-8B4A-11D0-8D11-00A0C91BC942}") = "PassGame", "PassGame\PassGame.vcxproj", "{AF009FE2-95A2-4568-BD3A-33A3BEFBE0DA}"
EndProject
Global
	GlobalSection(SolutionConfigurationPlatforms) = preSolution
		Debug|x64 = Debug|x64
		Debug|x86 = Debug|x86
		Release|x64 = Release|x64
		Release|x86 = Release|x86
	EndGlobalSection
	GlobalSection(ProjectConfigurationPlatforms) = postSolution
		{AF009FE2-95A2-4568-BD3A-33A3BEFBE0DA}.Debug|x64.ActiveCfg = Debug|x64
		{AF009FE2-95A2-4568-BD3A-33A3BEFBE0DA}.Debug|x64.Build.0 = Debug|x64
		{AF009FE2-95A2-4568-BD3A-33A3BEFBE0DA}.Debug|x86.ActiveCfg = Debug|Win32
		{AF009FE2-95A2-4568-BD3A-33A3BEFBE0DA}.Debug|x86.Build.0 = Debug|Win32
		{AF009FE2-95A2-4568-BD3A-33A3BEFBE0DA}.Release|x64.ActiveCfg = Release|x64
		{AF009FE2-95A2-4568-BD3A-33A3BEFBE0DA}.Release|x64.Build.0 = Release|x64
		{AF009FE2-95A2-4568-BD3A-33A3BEFBE0DA}.Release|x86.ActiveCfg = Release|Win32
		{AF009FE2-95A2-4568-BD3A-33A3BEFBE0DA}.Release|x86.Build.0 = Release|Win32
	EndGlobalSection
	GlobalSection(SolutionProperties) = preSolution
		HideSolutionNode = FALSE
	EndGlobalSection
	GlobalSection(ExtensibilityGlobals) = postSolution
		SolutionGuid = {625B3246-0F76-4B6F-91A9-9575D99AE29D}
	EndGlobalSection
EndGlobal
